
Microsoft Visual Studio Solution File, Format Version 12.00
# Visual Studio Version 17
VisualStudioVersion = 17.13.35931.197 d17.13
MinimumVisualStudioVersion = 10.0.40219.1
Project("{FAE04EC0-301F-11D3-BF4B-00C04F79EFBC}") = "ShoppingList", "ShoppingList\ShoppingList.csproj", "{C0E12A63-04CA-4957-89BD-38A7C8C248A2}"
EndProject
Global
	GlobalSection(SolutionConfigurationPlatforms) = preSolution
		Debug|Any CPU = Debug|Any CPU
		Release|Any CPU = Release|Any CPU
	EndGlobalSection
	GlobalSection(ProjectConfigurationPlatforms) = postSolution
		{C0E12A63-04CA-4957-89BD-38A7C8C248A2}.Debug|Any CPU.ActiveCfg = Debug|Any CPU
		{C0E12A63-04CA-4957-89BD-38A7C8C248A2}.Debug|Any CPU.Build.0 = Debug|Any CPU
		{C0E12A63-04CA-4957-89BD-38A7C8C248A2}.Release|Any CPU.ActiveCfg = Release|Any CPU
		{C0E12A63-04CA-4957-89BD-38A7C8C248A2}.Release|Any CPU.Build.0 = Release|Any CPU
	EndGlobalSection
	GlobalSection(SolutionProperties) = preSolution
		HideSolutionNode = FALSE
	EndGlobalSection
	GlobalSection(ExtensibilityGlobals) = postSolution
		SolutionGuid = {15723F66-8488-4610-B28D-719BE5A2CC4C}
	EndGlobalSection
EndGlobal
